
Microsoft Visual Studio Solution File, Format Version 12.00
# Visual Studio 15
VisualStudioVersion = 15.0.27703.2000
MinimumVisualStudioVersion = 10.0.40219.1
Project("{8BC9CEB8-8B4A-11D0-8D11-00A0C91BC942}") = "HelloGL", "HelloGL.vcxproj", "{945CC80B-CE15-4C26-9E04-EAB344E9B15A}"
EndProject
Global
	GlobalSection(SolutionConfigurationPlatforms) = preSolution
		Debug|x64 = Debug|x64
		Debug|x86 = Debug|x86
		Release|x64 = Release|x64
		Release|x86 = Release|x86
	EndGlobalSection
	GlobalSection(ProjectConfigurationPlatforms) = postSolution
		{945CC80B-CE15-4C26-9E04-EAB344E9B15A}.Debug|x64.ActiveCfg = Debug|x64
		{945CC80B-CE15-4C26-9E04-EAB344E9B15A}.Debug|x64.Build.0 = Debug|x64
		{945CC80B-CE15-4C26-9E04-EAB344E9B15A}.Debug|x86.ActiveCfg = Debug|Win32
		{945CC80B-CE15-4C26-9E04-EAB344E9B15A}.Debug|x86.Build.0 = Debug|Win32
		{945CC80B-CE15-4C26-9E04-EAB344E9B15A}.Release|x64.ActiveCfg = Release|x64
		{945CC80B-CE15-4C26-9E04-EAB344E9B15A}.Release|x64.Build.0 = Release|x64
		{945CC80B-CE15-4C26-9E04-EAB344E9B15A}.Release|x86.ActiveCfg = Release|Win32
		{945CC80B-CE15-4C26-9E04-EAB344E9B15A}.Release|x86.Build.0 = Release|Win32
	EndGlobalSection
	GlobalSection(SolutionProperties) = preSolution
		HideSolutionNode = FALSE
	EndGlobalSection
	GlobalSection(ExtensibilityGlobals) = postSolution
		SolutionGuid = {7BA15CD6-6E46-45C6-B0E9-77F677E387F3}
	EndGlobalSection
EndGlobal
