<?xml version="1.0" encoding="utf-8"?>
<Project ToolsVersion="4.0" xmlns="http://schemas.microsoft.com/developer/msbuild/2003">
  <ItemGroup>
    <Filter Include="core_include">
      <UniqueIdentifier>{d52ad2ab-8ffa-422f-83bb-1671d937e080}</UniqueIdentifier>
    </Filter>
    <Filter Include="gui_include">
      <UniqueIdentifier>{2fbd6acc-33c0-490c-a282-f015cb1db56b}</UniqueIdentifier>
    </Filter>
    <Filter Include="source">
      <UniqueIdentifier>{d36c1d0f-4bac-4202-8aeb-d5621b53b10d}</UniqueIdentifier>
    </Filter>
    <Filter Include="source\start">
      <UniqueIdentifier>{fdd605d0-5dc1-41f2-bb03-b27ef1ed3ed0}</UniqueIdentifier>
    </Filter>
  </ItemGroup>
  <ItemGroup>
    <ClInclude Include="core_include\display.h">
      <Filter>core_include</Filter>
    </ClInclude>
    <ClInclude Include="core_include\msg.h">
      <Filter>core_include</Filter>
    </ClInclude>
    <ClInclude Include="core_include\rect.h">
      <Filter>core_include</Filter>
    </ClInclude>
    <ClInclude Include="core_include\resource_type.h">
      <Filter>core_include</Filter>
    </ClInclude>
    <ClInclude Include="core_include\surface.h">
      <Filter>core_include</Filter>
    </ClInclude>
    <ClInclude Include="core_include\wave_buffer.h">
      <Filter>core_include</Filter>
    </ClInclude>
    <ClInclude Include="core_include\wave_ctrl.h">
      <Filter>core_include</Filter>
    </ClInclude>
    <ClInclude Include="core_include\wnd.h">
      <Filter>core_include</Filter>
    </ClInclude>
    <ClInclude Include="core_include\word.h">
      <Filter>core_include</Filter>
    </ClInclude>
    <ClInclude Include="core_include\api.h">
      <Filter>core_include</Filter>
    </ClInclude>
    <ClInclude Include="core_include\audio.h">
      <Filter>core_include</Filter>
    </ClInclude>
    <ClInclude Include="core_include\bitmap.h">
      <Filter>core_include</Filter>
    </ClInclude>
    <ClInclude Include="core_include\cmd_target.h">
      <Filter>core_include</Filter>
    </ClInclude>
    <ClInclude Include="gui_include\list_box.h">
      <Filter>gui_include</Filter>
    </ClInclude>
    <ClInclude Include="gui_include\shape_resource.h">
      <Filter>gui_include</Filter>
    </ClInclude>
    <ClInclude Include="gui_include\spinbox.h">
      <Filter>gui_include</Filter>
    </ClInclude>
    <ClInclude Include="gui_include\table.h">
      <Filter>gui_include</Filter>
    </ClInclude>
    <ClInclude Include="gui_include\button.h">
      <Filter>gui_include</Filter>
    </ClInclude>
    <ClInclude Include="gui_include\dialog.h">
      <Filter>gui_include</Filter>
    </ClInclude>
    <ClInclude Include="gui_include\edit.h">
      <Filter>gui_include</Filter>
    </ClInclude>
    <ClInclude Include="gui_include\font.h">
      <Filter>gui_include</Filter>
    </ClInclude>
    <ClInclude Include="gui_include\gesture.h">
      <Filter>gui_include</Filter>
    </ClInclude>
    <ClInclude Include="gui_include\keyboard.h">
      <Filter>gui_include</Filter>
    </ClInclude>
    <ClInclude Include="gui_include\label.h">
      <Filter>gui_include</Filter>
    </ClInclude>
    <ClInclude Include="gui_include\slide_group.h">
      <Filter>gui_include</Filter>
    </ClInclude>
  </ItemGroup>
  <ItemGroup>
    <ClCompile Include="source\start\snake.cpp">
      <Filter>source\start</Filter>
    </ClCompile>
  </ItemGroup>
</Project>