
Microsoft Visual Studio Solution File, Format Version 12.00
# Visual Studio 15
VisualStudioVersion = 15.0.27703.2000
MinimumVisualStudioVersion = 10.0.40219.1
Project("{FAE04EC0-301F-11D3-BF4B-00C04F79EFBC}") = "BuildWinforms", "BuildWinforms\BuildWinforms.csproj", "{38A2504D-2621-4092-A304-E6BB1023DD8C}"
EndProject
Project("{8BC9CEB8-8B4A-11D0-8D11-00A0C91BC942}") = "HostMonitor", "HostMonitorDll\HostMonitorDll.vcxproj", "{FC5CF269-9CAB-47E1-BDAF-02D0A6C1A47E}"
EndProject
Project("{8BC9CEB8-8B4A-11D0-8D11-00A0C91BC942}") = "sample", "..\UIcode\sample.vcxproj", "{289E64C1-73C4-4533-9A06-9DDBF52235BB}"
EndProject
Global
	GlobalSection(SolutionConfigurationPlatforms) = preSolution
		Debug|Any CPU = Debug|Any CPU
		Debug|x86 = Debug|x86
		Release|Any CPU = Release|Any CPU
		Release|x86 = Release|x86
	EndGlobalSection
	GlobalSection(ProjectConfigurationPlatforms) = postSolution
		{38A2504D-2621-4092-A304-E6BB1023DD8C}.Debug|Any CPU.ActiveCfg = Debug|Any CPU
		{38A2504D-2621-4092-A304-E6BB1023DD8C}.Debug|Any CPU.Build.0 = Debug|Any CPU
		{38A2504D-2621-4092-A304-E6BB1023DD8C}.Debug|x86.ActiveCfg = Debug|Any CPU
		{38A2504D-2621-4092-A304-E6BB1023DD8C}.Debug|x86.Build.0 = Debug|Any CPU
		{38A2504D-2621-4092-A304-E6BB1023DD8C}.Release|Any CPU.ActiveCfg = Release|Any CPU
		{38A2504D-2621-4092-A304-E6BB1023DD8C}.Release|Any CPU.Build.0 = Release|Any CPU
		{38A2504D-2621-4092-A304-E6BB1023DD8C}.Release|x86.ActiveCfg = Release|Any CPU
		{38A2504D-2621-4092-A304-E6BB1023DD8C}.Release|x86.Build.0 = Release|Any CPU
		{FC5CF269-9CAB-47E1-BDAF-02D0A6C1A47E}.Debug|Any CPU.ActiveCfg = Debug|Win32
		{FC5CF269-9CAB-47E1-BDAF-02D0A6C1A47E}.Debug|x86.ActiveCfg = Debug|Win32
		{FC5CF269-9CAB-47E1-BDAF-02D0A6C1A47E}.Debug|x86.Build.0 = Debug|Win32
		{FC5CF269-9CAB-47E1-BDAF-02D0A6C1A47E}.Release|Any CPU.ActiveCfg = Release|Win32
		{FC5CF269-9CAB-47E1-BDAF-02D0A6C1A47E}.Release|x86.ActiveCfg = Release|Win32
		{FC5CF269-9CAB-47E1-BDAF-02D0A6C1A47E}.Release|x86.Build.0 = Release|Win32
		{289E64C1-73C4-4533-9A06-9DDBF52235BB}.Debug|Any CPU.ActiveCfg = Debug|Win32
		{289E64C1-73C4-4533-9A06-9DDBF52235BB}.Debug|x86.ActiveCfg = Debug|Win32
		{289E64C1-73C4-4533-9A06-9DDBF52235BB}.Debug|x86.Build.0 = Debug|Win32
		{289E64C1-73C4-4533-9A06-9DDBF52235BB}.Release|Any CPU.ActiveCfg = Release|Win32
		{289E64C1-73C4-4533-9A06-9DDBF52235BB}.Release|x86.ActiveCfg = Release|Win32
		{289E64C1-73C4-4533-9A06-9DDBF52235BB}.Release|x86.Build.0 = Release|Win32
	EndGlobalSection
	GlobalSection(SolutionProperties) = preSolution
		HideSolutionNode = FALSE
	EndGlobalSection
	GlobalSection(ExtensibilityGlobals) = postSolution
		SolutionGuid = {8FE492EF-4046-46AA-86CD-05C0B0AEACF0}
	EndGlobalSection
EndGlobal
