
Microsoft Visual Studio Solution File, Format Version 12.00
# Visual Studio 15
VisualStudioVersion = 15.0.27004.2002
MinimumVisualStudioVersion = 10.0.40219.1
Project("{8BC9CEB8-8B4A-11D0-8D11-00A0C91BC942}") = "sample_native", "WinCmd\WinCmd.vcxproj", "{68DE856B-07CE-4CCA-B62A-DCC9F9281E93}"
EndProject
Project("{8BC9CEB8-8B4A-11D0-8D11-00A0C91BC942}") = "sample", "..\SampleCode\sample.vcxproj", "{289E64C1-73C4-4533-9A06-9DDBF52235BB}"
EndProject
Global
	GlobalSection(SolutionConfigurationPlatforms) = preSolution
		Debug|x64 = Debug|x64
		Debug|x86 = Debug|x86
		MinSizeRel|x64 = MinSizeRel|x64
		MinSizeRel|x86 = MinSizeRel|x86
		Release|x64 = Release|x64
		Release|x86 = Release|x86
		RelWithDebInfo|x64 = RelWithDebInfo|x64
		RelWithDebInfo|x86 = RelWithDebInfo|x86
	EndGlobalSection
	GlobalSection(ProjectConfigurationPlatforms) = postSolution
		{68DE856B-07CE-4CCA-B62A-DCC9F9281E93}.Debug|x64.ActiveCfg = Debug|x64
		{68DE856B-07CE-4CCA-B62A-DCC9F9281E93}.Debug|x64.Build.0 = Debug|x64
		{68DE856B-07CE-4CCA-B62A-DCC9F9281E93}.Debug|x86.ActiveCfg = Debug|Win32
		{68DE856B-07CE-4CCA-B62A-DCC9F9281E93}.Debug|x86.Build.0 = Debug|Win32
		{68DE856B-07CE-4CCA-B62A-DCC9F9281E93}.MinSizeRel|x64.ActiveCfg = Release|x64
		{68DE856B-07CE-4CCA-B62A-DCC9F9281E93}.MinSizeRel|x64.Build.0 = Release|x64
		{68DE856B-07CE-4CCA-B62A-DCC9F9281E93}.MinSizeRel|x86.ActiveCfg = Release|Win32
		{68DE856B-07CE-4CCA-B62A-DCC9F9281E93}.MinSizeRel|x86.Build.0 = Release|Win32
		{68DE856B-07CE-4CCA-B62A-DCC9F9281E93}.Release|x64.ActiveCfg = Release|x64
		{68DE856B-07CE-4CCA-B62A-DCC9F9281E93}.Release|x64.Build.0 = Release|x64
		{68DE856B-07CE-4CCA-B62A-DCC9F9281E93}.Release|x86.ActiveCfg = Release|Win32
		{68DE856B-07CE-4CCA-B62A-DCC9F9281E93}.Release|x86.Build.0 = Release|Win32
		{68DE856B-07CE-4CCA-B62A-DCC9F9281E93}.RelWithDebInfo|x64.ActiveCfg = Release|x64
		{68DE856B-07CE-4CCA-B62A-DCC9F9281E93}.RelWithDebInfo|x64.Build.0 = Release|x64
		{68DE856B-07CE-4CCA-B62A-DCC9F9281E93}.RelWithDebInfo|x86.ActiveCfg = Release|Win32
		{68DE856B-07CE-4CCA-B62A-DCC9F9281E93}.RelWithDebInfo|x86.Build.0 = Release|Win32
		{289E64C1-73C4-4533-9A06-9DDBF52235BB}.Debug|x64.ActiveCfg = Debug|x64
		{289E64C1-73C4-4533-9A06-9DDBF52235BB}.Debug|x64.Build.0 = Debug|x64
		{289E64C1-73C4-4533-9A06-9DDBF52235BB}.Debug|x86.ActiveCfg = Debug|Win32
		{289E64C1-73C4-4533-9A06-9DDBF52235BB}.Debug|x86.Build.0 = Debug|Win32
		{289E64C1-73C4-4533-9A06-9DDBF52235BB}.MinSizeRel|x64.ActiveCfg = Release|x64
		{289E64C1-73C4-4533-9A06-9DDBF52235BB}.MinSizeRel|x64.Build.0 = Release|x64
		{289E64C1-73C4-4533-9A06-9DDBF52235BB}.MinSizeRel|x86.ActiveCfg = Release|Win32
		{289E64C1-73C4-4533-9A06-9DDBF52235BB}.MinSizeRel|x86.Build.0 = Release|Win32
		{289E64C1-73C4-4533-9A06-9DDBF52235BB}.Release|x64.ActiveCfg = Release|x64
		{289E64C1-73C4-4533-9A06-9DDBF52235BB}.Release|x64.Build.0 = Release|x64
		{289E64C1-73C4-4533-9A06-9DDBF52235BB}.Release|x86.ActiveCfg = Release|Win32
		{289E64C1-73C4-4533-9A06-9DDBF52235BB}.Release|x86.Build.0 = Release|Win32
		{289E64C1-73C4-4533-9A06-9DDBF52235BB}.RelWithDebInfo|x64.ActiveCfg = Release|x64
		{289E64C1-73C4-4533-9A06-9DDBF52235BB}.RelWithDebInfo|x64.Build.0 = Release|x64
		{289E64C1-73C4-4533-9A06-9DDBF52235BB}.RelWithDebInfo|x86.ActiveCfg = Release|Win32
		{289E64C1-73C4-4533-9A06-9DDBF52235BB}.RelWithDebInfo|x86.Build.0 = Release|Win32
	EndGlobalSection
	GlobalSection(SolutionProperties) = preSolution
		HideSolutionNode = FALSE
	EndGlobalSection
	GlobalSection(ExtensibilityGlobals) = postSolution
		SolutionGuid = {C8036E0D-1C64-46B8-AC49-F4B7F30E1D86}
	EndGlobalSection
EndGlobal
