<?xml version="1.0" encoding="utf-8"?>
<Project ToolsVersion="4.0" xmlns="http://schemas.microsoft.com/developer/msbuild/2003">
  <ItemGroup>
    <ClCompile Include="UIcode.cpp" />
    <ClCompile Include="resource\frame_00_bmp.cpp">
      <Filter>resource</Filter>
    </ClCompile>
    <ClCompile Include="resource\frame_01_bmp.cpp">
      <Filter>resource</Filter>
    </ClCompile>
    <ClCompile Include="resource\frame_02_bmp.cpp">
      <Filter>resource</Filter>
    </ClCompile>
    <ClCompile Include="resource\frame_03_bmp.cpp">
      <Filter>resource</Filter>
    </ClCompile>
    <ClCompile Include="resource\frame_04_bmp.cpp">
      <Filter>resource</Filter>
    </ClCompile>
    <ClCompile Include="resource\frame_05_bmp.cpp">
      <Filter>resource</Filter>
    </ClCompile>
    <ClCompile Include="resource\frame_06_bmp.cpp">
      <Filter>resource</Filter>
    </ClCompile>
    <ClCompile Include="resource\frame_07_bmp.cpp">
      <Filter>resource</Filter>
    </ClCompile>
    <ClCompile Include="resource\frame_08_bmp.cpp">
      <Filter>resource</Filter>
    </ClCompile>
    <ClCompile Include="resource\frame_09_bmp.cpp">
      <Filter>resource</Filter>
    </ClCompile>
    <ClCompile Include="resource\frame_10_bmp.cpp">
      <Filter>resource</Filter>
    </ClCompile>
    <ClCompile Include="resource\frame_11_bmp.cpp">
      <Filter>resource</Filter>
    </ClCompile>
    <ClCompile Include="resource\frame_12_bmp.cpp">
      <Filter>resource</Filter>
    </ClCompile>
    <ClCompile Include="resource\frame_13_bmp.cpp">
      <Filter>resource</Filter>
    </ClCompile>
    <ClCompile Include="resource\frame_14_bmp.cpp">
      <Filter>resource</Filter>
    </ClCompile>
    <ClCompile Include="resource\frame_15_bmp.cpp">
      <Filter>resource</Filter>
    </ClCompile>
    <ClCompile Include="resource\frame_16_bmp.cpp">
      <Filter>resource</Filter>
    </ClCompile>
    <ClCompile Include="resource\frame_17_bmp.cpp">
      <Filter>resource</Filter>
    </ClCompile>
    <ClCompile Include="resource\frame_18_bmp.cpp">
      <Filter>resource</Filter>
    </ClCompile>
    <ClCompile Include="resource\frame_19_bmp.cpp">
      <Filter>resource</Filter>
    </ClCompile>
    <ClCompile Include="resource\frame_20_bmp.cpp">
      <Filter>resource</Filter>
    </ClCompile>
    <ClCompile Include="resource\frame_21_bmp.cpp">
      <Filter>resource</Filter>
    </ClCompile>
    <ClCompile Include="resource\frame_22_bmp.cpp">
      <Filter>resource</Filter>
    </ClCompile>
    <ClCompile Include="resource\frame_23_bmp.cpp">
      <Filter>resource</Filter>
    </ClCompile>
    <ClCompile Include="resource\KaiTi_19.cpp">
      <Filter>resource</Filter>
    </ClCompile>
  </ItemGroup>
  <ItemGroup>
    <Filter Include="resource">
      <UniqueIdentifier>{ddf3430d-f9ca-4db5-b431-632e5e6a57ec}</UniqueIdentifier>
    </Filter>
  </ItemGroup>
</Project>