<?xml version="1.0" encoding="utf-8"?>
<Project ToolsVersion="14.0" xmlns="http://schemas.microsoft.com/developer/msbuild/2003">
  <ItemGroup>
    <Filter Include="Common">
      <UniqueIdentifier>0ccc472b-9542-40ff-be8c-7887d11e0b75</UniqueIdentifier>
    </Filter>
    <Filter Include="Assets">
      <UniqueIdentifier>61695708-c4f2-4cd0-82e2-3764d97db8fd</UniqueIdentifier>
      <Extensions>bmp;fbx;gif;jpg;jpeg;tga;tiff;tif;png</Extensions>
    </Filter>
  </ItemGroup>
  <ItemGroup>
    <ApplicationDefinition Include="App.xaml" />
  </ItemGroup>
  <ItemGroup>
    <ClCompile Include="App.xaml.cpp" />
    <ClCompile Include="MainPage.xaml.cpp" />
    <ClCompile Include="pch.cpp" />
    <ClCompile Include="SubScreen.xaml.cpp" />
    <ClCompile Include="AudioRender.cpp" />
  </ItemGroup>
  <ItemGroup>
    <ClInclude Include="pch.h" />
    <ClInclude Include="App.xaml.h" />
    <ClInclude Include="MainPage.xaml.h" />
    <ClInclude Include="SubScreen.xaml.h" />
    <ClInclude Include="AudioRender.h" />
  </ItemGroup>
  <ItemGroup>
    <Image Include="Assets\LockScreenLogo.scale-200.png">
      <Filter>Assets</Filter>
    </Image>
    <Image Include="Assets\SplashScreen.scale-200.png">
      <Filter>Assets</Filter>
    </Image>
    <Image Include="Assets\Square150x150Logo.scale-200.png">
      <Filter>Assets</Filter>
    </Image>
    <Image Include="Assets\Square44x44Logo.scale-200.png">
      <Filter>Assets</Filter>
    </Image>
    <Image Include="Assets\Square44x44Logo.targetsize-24_altform-unplated.png">
      <Filter>Assets</Filter>
    </Image>
    <Image Include="Assets\StoreLogo.png">
      <Filter>Assets</Filter>
    </Image>
    <Image Include="Assets\Wide310x150Logo.scale-200.png">
      <Filter>Assets</Filter>
    </Image>
  </ItemGroup>
  <ItemGroup>
    <AppxManifest Include="Package.appxmanifest" />
  </ItemGroup>
  <ItemGroup>
    <None Include="sample_uwp_cpp_TemporaryKey.pfx" />
    <None Include="Package.StoreAssociation.xml" />
    <None Include="sample_uwp_cpp_StoreKey.pfx" />
    <None Include="$(SolutionDir)resource\heart_beat.wav" />
    <None Include="Assets\3dLauncher.glb">
      <Filter>Assets</Filter>
    </None>
  </ItemGroup>
  <ItemGroup>
    <Page Include="MainPage.xaml" />
    <Page Include="SubScreen.xaml" />
  </ItemGroup>
</Project>